
Microsoft Visual Studio Solution File, Format Version 12.00
# Visual Studio Version 17
VisualStudioVersion = 17.0.31912.275
MinimumVisualStudioVersion = 10.0.40219.1
Project("{FAE04EC0-301F-11D3-BF4B-00C04F79EFBC}") = "PresentationRemote", "PresentationRemote\PresentationRemote.csproj", "{91D7D265-4A81-499B-AC71-D320335ACD22}"
EndProject
Global
	GlobalSection(SolutionConfigurationPlatforms) = preSolution
		Debug|Any CPU = Debug|Any CPU
		Release|Any CPU = Release|Any CPU
	EndGlobalSection
	GlobalSection(ProjectConfigurationPlatforms) = postSolution
		{91D7D265-4A81-499B-AC71-D320335ACD22}.Debug|Any CPU.ActiveCfg = Debug|Any CPU
		{91D7D265-4A81-499B-AC71-D320335ACD22}.Debug|Any CPU.Build.0 = Debug|Any CPU
		{91D7D265-4A81-499B-AC71-D320335ACD22}.Release|Any CPU.ActiveCfg = Release|Any CPU
		{91D7D265-4A81-499B-AC71-D320335ACD22}.Release|Any CPU.Build.0 = Release|Any CPU
	EndGlobalSection
	GlobalSection(SolutionProperties) = preSolution
		HideSolutionNode = FALSE
	EndGlobalSection
	GlobalSection(ExtensibilityGlobals) = postSolution
		SolutionGuid = {A1D77366-4448-4C69-8680-580F3534A4A9}
	EndGlobalSection
EndGlobal
